// !$*UTF8*$!
{
	archiveVersion = 1;
	classes = {
	};
	objectVersion = 50;
	objects = {

/* Begin PBXBuildFile section */
		FF57770F21F553970099DF5F /* AppDelegate.swift in Sources */ = {isa = PBXBuildFile; fileRef = FF57770E21F553970099DF5F /* AppDelegate.swift */; };
		FF57771121F553970099DF5F /* ViewController.swift in Sources */ = {isa = PBXBuildFile; fileRef = FF57771021F553970099DF5F /* ViewController.swift */; };
		FF57771421F553970099DF5F /* Main.storyboard in Resources */ = {isa = PBXBuildFile; fileRef = FF57771221F553970099DF5F /* Main.storyboard */; };
		FF57771621F553990099DF5F /* Assets.xcassets in Resources */ = {isa = PBXBuildFile; fileRef = FF57771521F553990099DF5F /* Assets.xcassets */; };
		FF57771921F553990099DF5F /* LaunchScreen.storyboard in Resources */ = {isa = PBXBuildFile; fileRef = FF57771721F553990099DF5F /* LaunchScreen.storyboard */; };
		FF920AF121F8D80E0060EC9E /* TableViewCell.swift in Sources */ = {isa = PBXBuildFile; fileRef = FF920AF021F8D80E0060EC9E /* TableViewCell.swift */; };
		FFE7DC5921F8BE14007AEB2A /* Travel.swift in Sources */ = {isa = PBXBuildFile; fileRef = FFE7DC5821F8BE14007AEB2A /* Travel.swift */; };
		FFE7DC5B21F8BFD7007AEB2A /* TravelDAO.swift in Sources */ = {isa = PBXBuildFile; fileRef = FFE7DC5A21F8BFD7007AEB2A /* TravelDAO.swift */; };
/* End PBXBuildFile section */

/* Begin PBXFileReference section */
		FF57770B21F553970099DF5F /* TravelNow.app */ = {isa = PBXFileReference; explicitFileType = wrapper.application; includeInIndex = 0; path = TravelNow.app; sourceTree = BUILT_PRODUCTS_DIR; };
		FF57770E21F553970099DF5F /* AppDelegate.swift */ = {isa = PBXFileReference; lastKnownFileType = sourcecode.swift; path = AppDelegate.swift; sourceTree = "<group>"; };
		FF57771021F553970099DF5F /* ViewController.swift */ = {isa = PBXFileReference; lastKnownFileType = sourcecode.swift; path = ViewController.swift; sourceTree = "<group>"; };
		FF57771321F553970099DF5F /* Base */ = {isa = PBXFileReference; lastKnownFileType = file.storyboard; name = Base; path = Base.lproj/Main.storyboard; sourceTree = "<group>"; };
		FF57771521F553990099DF5F /* Assets.xcassets */ = {isa = PBXFileReference; lastKnownFileType = folder.assetcatalog; path = Assets.xcassets; sourceTree = "<group>"; };
		FF57771821F553990099DF5F /* Base */ = {isa = PBXFileReference; lastKnownFileType = file.storyboard; name = Base; path = Base.lproj/LaunchScreen.storyboard; sourceTree = "<group>"; };
		FF57771A21F553990099DF5F /* Info.plist */ = {isa = PBXFileReference; lastKnownFileType = text.plist.xml; path = Info.plist; sourceTree = "<group>"; };
		FF920AF021F8D80E0060EC9E /* TableViewCell.swift */ = {isa = PBXFileReference; lastKnownFileType = sourcecode.swift; path = TableViewCell.swift; sourceTree = "<group>"; };
		FFE7DC5821F8BE14007AEB2A /* Travel.swift */ = {isa = PBXFileReference; lastKnownFileType = sourcecode.swift; path = Travel.swift; sourceTree = "<group>"; };
		FFE7DC5A21F8BFD7007AEB2A /* TravelDAO.swift */ = {isa = PBXFileReference; fileEncoding = 4; lastKnownFileType = sourcecode.swift; path = TravelDAO.swift; sourceTree = "<group>"; };
/* End PBXFileReference section */

/* Begin PBXFrameworksBuildPhase section */
		FF57770821F553970099DF5F /* Frameworks */ = {
			isa = PBXFrameworksBuildPhase;
			buildActionMask = 2147483647;
			files = (
			);
			runOnlyForDeploymentPostprocessing = 0;
		};
/* End PBXFrameworksBuildPhase section */

/* Begin PBXGroup section */
		FF57770221F553970099DF5F = {
			isa = PBXGroup;
			children = (
				FF57770D21F553970099DF5F /* TravelNow */,
				FF57770C21F553970099DF5F /* Products */,
			);
			sourceTree = "<group>";
		};
		FF57770C21F553970099DF5F /* Products */ = {
			isa = PBXGroup;
			children = (
				FF57770B21F553970099DF5F /* TravelNow.app */,
			);
			name = Products;
			sourceTree = "<group>";
		};
		FF57770D21F553970099DF5F /* TravelNow */ = {
			isa = PBXGroup;
			children = (
				FF57771221F553970099DF5F /* Main.storyboard */,
				FF57771021F553970099DF5F /* ViewController.swift */,
				FFE7DC5821F8BE14007AEB2A /* Travel.swift */,
				FF920AF021F8D80E0060EC9E /* TableViewCell.swift */,
				FFE7DC5A21F8BFD7007AEB2A /* TravelDAO.swift */,
				FF57770E21F553970099DF5F /* AppDelegate.swift */,
				FF57771521F553990099DF5F /* Assets.xcassets */,
				FF57771721F553990099DF5F /* LaunchScreen.storyboard */,
				FF57771A21F553990099DF5F /* Info.plist */,
			);
			path = TravelNow;
			sourceTree = "<group>";
		};
/* End PBXGroup section */

/* Begin PBXNativeTarget section */
		FF57770A21F553970099DF5F /* TravelNow */ = {
			isa = PBXNativeTarget;
			buildConfigurationList = FF57771D21F553990099DF5F /* Build configuration list for PBXNativeTarget "TravelNow" */;
			buildPhases = (
				FF57770721F553970099DF5F /* Sources */,
				FF57770821F553970099DF5F /* Frameworks */,
				FF57770921F553970099DF5F /* Resources */,
			);
			buildRules = (
			);
			dependencies = (
			);
			name = TravelNow;
			productName = TravelNow;
			productReference = FF57770B21F553970099DF5F /* TravelNow.app */;
			productType = "com.apple.product-type.application";
		};
/* End PBXNativeTarget section */

/* Begin PBXProject section */
		FF57770321F553970099DF5F /* Project object */ = {
			isa = PBXProject;
			attributes = {
				LastSwiftUpdateCheck = 1010;
				LastUpgradeCheck = 1010;
				ORGANIZATIONNAME = "Danilo Requena";
				TargetAttributes = {
					FF57770A21F553970099DF5F = {
						CreatedOnToolsVersion = 10.1;
					};
				};
			};
			buildConfigurationList = FF57770621F553970099DF5F /* Build configuration list for PBXProject "TravelNow" */;
			compatibilityVersion = "Xcode 9.3";
			developmentRegion = en;
			hasScannedForEncodings = 0;
			knownRegions = (
				en,
				Base,
			);
			mainGroup = FF57770221F553970099DF5F;
			productRefGroup = FF57770C21F553970099DF5F /* Products */;
			projectDirPath = "";
			projectRoot = "";
			targets = (
				FF57770A21F553970099DF5F /* TravelNow */,
			);
		};
/* End PBXProject section */

/* Begin PBXResourcesBuildPhase section */
		FF57770921F553970099DF5F /* Resources */ = {
			isa = PBXResourcesBuildPhase;
			buildActionMask = 2147483647;
			files = (
				FF57771921F553990099DF5F /* LaunchScreen.storyboard in Resources */,
				FF57771621F553990099DF5F /* Assets.xcassets in Resources */,
				FF57771421F553970099DF5F /* Main.storyboard in Resources */,
			);
			runOnlyForDeploymentPostprocessing = 0;
		};
/* End PBXResourcesBuildPhase section */

/* Begin PBXSourcesBuildPhase section */
		FF57770721F553970099DF5F /* Sources */ = {
			isa = PBXSourcesBuildPhase;
			buildActionMask = 2147483647;
			files = (
				FF920AF121F8D80E0060EC9E /* TableViewCell.swift in Sources */,
				FFE7DC5921F8BE14007AEB2A /* Travel.swift in Sources */,
				FF57771121F553970099DF5F /* ViewController.swift in Sources */,
				FF57770F21F553970099DF5F /* AppDelegate.swift in Sources */,
				FFE7DC5B21F8BFD7007AEB2A /* TravelDAO.swift in Sources */,
			);
			runOnlyForDeploymentPostprocessing = 0;
		};
/* End PBXSourcesBuildPhase section */

/* Begin PBXVariantGroup section */
		FF57771221F553970099DF5F /* Main.storyboard */ = {
			isa = PBXVariantGroup;
			children = (
				FF57771321F553970099DF5F /* Base */,
			);
			name = Main.storyboard;
			sourceTree = "<group>";
		};
		FF57771721F553990099DF5F /* LaunchScreen.storyboard */ = {
			isa = PBXVariantGroup;
			children = (
				FF57771821F553990099DF5F /* Base */,
			);
			name = LaunchScreen.storyboard;
			sourceTree = "<group>";
		};
/* End PBXVariantGroup section */

/* Begin XCBuildConfiguration section */
		FF57771B21F553990099DF5F /* Debug */ = {
			isa = XCBuildConfiguration;
			buildSettings = {
				ALWAYS_SEARCH_USER_PATHS = NO;
				CLANG_ANALYZER_NONNULL = YES;
				CLANG_ANALYZER_NUMBER_OBJECT_CONVERSION = YES_AGGRESSIVE;
				CLANG_CXX_LANGUAGE_STANDARD = "gnu++14";
				CLANG_CXX_LIBRARY = "libc++";
				CLANG_ENABLE_MODULES = YES;
				CLANG_ENABLE_OBJC_ARC = YES;
				CLANG_ENABLE_OBJC_WEAK = YES;
				CLANG_WARN_BLOCK_CAPTURE_AUTORELEASING = YES;
				CLANG_WARN_BOOL_CONVERSION = YES;
				CLANG_WARN_COMMA = YES;
				CLANG_WARN_CONSTANT_CONVERSION = YES;
				CLANG_WARN_DEPRECATED_OBJC_IMPLEMENTATIONS = YES;
				CLANG_WARN_DIRECT_OBJC_ISA_USAGE = YES_ERROR;
				CLANG_WARN_DOCUMENTATION_COMMENTS = YES;
				CLANG_WARN_EMPTY_BODY = YES;
				CLANG_WARN_ENUM_CONVERSION = YES;
				CLANG_WARN_INFINITE_RECURSION = YES;
				CLANG_WARN_INT_CONVERSION = YES;
				CLANG_WARN_NON_LITERAL_NULL_CONVERSION = YES;
				CLANG_WARN_OBJC_IMPLICIT_RETAIN_SELF = YES;
				CLANG_WARN_OBJC_LITERAL_CONVERSION = YES;
				CLANG_WARN_OBJC_ROOT_CLASS = YES_ERROR;
				CLANG_WARN_RANGE_LOOP_ANALYSIS = YES;
				CLANG_WARN_STRICT_PROTOTYPES = YES;
				CLANG_WARN_SUSPICIOUS_MOVE = YES;
				CLANG_WARN_UNGUARDED_AVAILABILITY = YES_AGGRESSIVE;
				CLANG_WARN_UNREACHABLE_CODE = YES;
				CLANG_WARN__DUPLICATE_METHOD_MATCH = YES;
				CODE_SIGN_IDENTITY = "iPhone Developer";
				COPY_PHASE_STRIP = NO;
				DEBUG_INFORMATION_FORMAT = dwarf;
				ENABLE_STRICT_OBJC_MSGSEND = YES;
				ENABLE_TESTABILITY = YES;
				GCC_C_LANGUAGE_STANDARD = gnu11;
				GCC_DYNAMIC_NO_PIC = NO;
				GCC_NO_COMMON_BLOCKS = YES;
				GCC_OPTIMIZATION_LEVEL = 0;
				GCC_PREPROCESSOR_DEFINITIONS = (
					"DEBUG=1",
					"$(inherited)",
				);
				GCC_WARN_64_TO_32_BIT_CONVERSION = YES;
				GCC_WARN_ABOUT_RETURN_TYPE = YES_ERROR;
				GCC_WARN_UNDECLARED_SELECTOR = YES;
				GCC_WARN_UNINITIALIZED_AUTOS = YES_AGGRESSIVE;
				GCC_WARN_UNUSED_FUNCTION = YES;
				GCC_WARN_UNUSED_VARIABLE = YES;
				IPHONEOS_DEPLOYMENT_TARGET = 12.1;
				MTL_ENABLE_DEBUG_INFO = INCLUDE_SOURCE;
				MTL_FAST_MATH = YES;
				ONLY_ACTIVE_ARCH = YES;
				SDKROOT = iphoneos;
				SWIFT_ACTIVE_COMPILATION_CONDITIONS = DEBUG;
				SWIFT_OPTIMIZATION_LEVEL = "-Onone";
			};
			name = Debug;
		};
		FF57771C21F553990099DF5F /* Release */ = {
			isa = XCBuildConfiguration;
			buildSettings = {
				ALWAYS_SEARCH_USER_PATHS = NO;
				CLANG_ANALYZER_NONNULL = YES;
				CLANG_ANALYZER_NUMBER_OBJECT_CONVERSION = YES_AGGRESSIVE;
				CLANG_CXX_LANGUAGE_STANDARD = "gnu++14";
				CLANG_CXX_LIBRARY = "libc++";
				CLANG_ENABLE_MODULES = YES;
				CLANG_ENABLE_OBJC_ARC = YES;
				CLANG_ENABLE_OBJC_WEAK = YES;
				CLANG_WARN_BLOCK_CAPTURE_AUTORELEASING = YES;
				CLANG_WARN_BOOL_CONVERSION = YES;
				CLANG_WARN_COMMA = YES;
				CLANG_WARN_CONSTANT_CONVERSION = YES;
				CLANG_WARN_DEPRECATED_OBJC_IMPLEMENTATIONS = YES;
				CLANG_WARN_DIRECT_OBJC_ISA_USAGE = YES_ERROR;
				CLANG_WARN_DOCUMENTATION_COMMENTS = YES;
				CLANG_WARN_EMPTY_BODY = YES;
				CLANG_WARN_ENUM_CONVERSION = YES;
				CLANG_WARN_INFINITE_RECURSION = YES;
				CLANG_WARN_INT_CONVERSION = YES;
				CLANG_WARN_NON_LITERAL_NULL_CONVERSION = YES;
				CLANG_WARN_OBJC_IMPLICIT_RETAIN_SELF = YES;
				CLANG_WARN_OBJC_LITERAL_CONVERSION = YES;
				CLANG_WARN_OBJC_ROOT_CLASS = YES_ERROR;
				CLANG_WARN_RANGE_LOOP_ANALYSIS = YES;
				CLANG_WARN_STRICT_PROTOTYPES = YES;
				CLANG_WARN_SUSPICIOUS_MOVE = YES;
				CLANG_WARN_UNGUARDED_AVAILABILITY = YES_AGGRESSIVE;
				CLANG_WARN_UNREACHABLE_CODE = YES;
				CLANG_WARN__DUPLICATE_METHOD_MATCH = YES;
				CODE_SIGN_IDENTITY = "iPhone Developer";
				COPY_PHASE_STRIP = NO;
				DEBUG_INFORMATION_FORMAT = "dwarf-with-dsym";
				ENABLE_NS_ASSERTIONS = NO;
				ENABLE_STRICT_OBJC_MSGSEND = YES;
				GCC_C_LANGUAGE_STANDARD = gnu11;
				GCC_NO_COMMON_BLOCKS = YES;
				GCC_WARN_64_TO_32_BIT_CONVERSION = YES;
				GCC_WARN_ABOUT_RETURN_TYPE = YES_ERROR;
				GCC_WARN_UNDECLARED_SELECTOR = YES;
				GCC_WARN_UNINITIALIZED_AUTOS = YES_AGGRESSIVE;
				GCC_WARN_UNUSED_FUNCTION = YES;
				GCC_WARN_UNUSED_VARIABLE = YES;
				IPHONEOS_DEPLOYMENT_TARGET = 12.1;
				MTL_ENABLE_DEBUG_INFO = NO;
				MTL_FAST_MATH = YES;
				SDKROOT = iphoneos;
				SWIFT_COMPILATION_MODE = wholemodule;
				SWIFT_OPTIMIZATION_LEVEL = "-O";
				VALIDATE_PRODUCT = YES;
			};
			name = Release;
		};
		FF57771E21F553990099DF5F /* Debug */ = {
			isa = XCBuildConfiguration;
			buildSettings = {
				ASSETCATALOG_COMPILER_APPICON_NAME = AppIcon;
				CODE_SIGN_STYLE = Automatic;
				DEVELOPMENT_TEAM = SM9KCJGMUP;
				INFOPLIST_FILE = TravelNow/Info.plist;
				LD_RUNPATH_SEARCH_PATHS = (
					"$(inherited)",
					"@executable_path/Frameworks",
				);
				PRODUCT_BUNDLE_IDENTIFIER = com.requena.TravelNow;
				PRODUCT_NAME = "$(TARGET_NAME)";
				SWIFT_VERSION = 4.2;
				TARGETED_DEVICE_FAMILY = "1,2";
			};
			name = Debug;
		};
		FF57771F21F553990099DF5F /* Release */ = {
			isa = XCBuildConfiguration;
			buildSettings = {
				ASSETCATALOG_COMPILER_APPICON_NAME = AppIcon;
				CODE_SIGN_STYLE = Automatic;
				DEVELOPMENT_TEAM = SM9KCJGMUP;
				INFOPLIST_FILE = TravelNow/Info.plist;
				LD_RUNPATH_SEARCH_PATHS = (
					"$(inherited)",
					"@executable_path/Frameworks",
				);
				PRODUCT_BUNDLE_IDENTIFIER = com.requena.TravelNow;
				PRODUCT_NAME = "$(TARGET_NAME)";
				SWIFT_VERSION = 4.2;
				TARGETED_DEVICE_FAMILY = "1,2";
			};
			name = Release;
		};
/* End XCBuildConfiguration section */

/* Begin XCConfigurationList section */
		FF57770621F553970099DF5F /* Build configuration list for PBXProject "TravelNow" */ = {
			isa = XCConfigurationList;
			buildConfigurations = (
				FF57771B21F553990099DF5F /* Debug */,
				FF57771C21F553990099DF5F /* Release */,
			);
			defaultConfigurationIsVisible = 0;
			defaultConfigurationName = Release;
		};
		FF57771D21F553990099DF5F /* Build configuration list for PBXNativeTarget "TravelNow" */ = {
			isa = XCConfigurationList;
			buildConfigurations = (
				FF57771E21F553990099DF5F /* Debug */,
				FF57771F21F553990099DF5F /* Release */,
			);
			defaultConfigurationIsVisible = 0;
			defaultConfigurationName = Release;
		};
/* End XCConfigurationList section */
	};
	rootObject = FF57770321F553970099DF5F /* Project object */;
}
